
Microsoft Visual Studio Solution File, Format Version 12.00
# Visual Studio Version 16
VisualStudioVersion = 16.0.32802.440
MinimumVisualStudioVersion = 10.0.40219.1
Project("{FAE04EC0-301F-11D3-BF4B-00C04F79EFBC}") = "SAU", "SAU\SAU.csproj", "{96CF9191-A8DD-4570-B286-FBF898D82711}"
EndProject
Global
	GlobalSection(SolutionConfigurationPlatforms) = preSolution
		Debug|Any CPU = Debug|Any CPU
		Release|Any CPU = Release|Any CPU
	EndGlobalSection
	GlobalSection(ProjectConfigurationPlatforms) = postSolution
		{96CF9191-A8DD-4570-B286-FBF898D82711}.Debug|Any CPU.ActiveCfg = Debug|Any CPU
		{96CF9191-A8DD-4570-B286-FBF898D82711}.Debug|Any CPU.Build.0 = Debug|Any CPU
		{96CF9191-A8DD-4570-B286-FBF898D82711}.Release|Any CPU.ActiveCfg = Release|Any CPU
		{96CF9191-A8DD-4570-B286-FBF898D82711}.Release|Any CPU.Build.0 = Release|Any CPU
	EndGlobalSection
	GlobalSection(SolutionProperties) = preSolution
		HideSolutionNode = FALSE
	EndGlobalSection
	GlobalSection(ExtensibilityGlobals) = postSolution
		SolutionGuid = {95A4F145-7D1F-422A-923A-D1854E88E0F9}
	EndGlobalSection
EndGlobal
